// !$*UTF8*$!
{
	archiveVersion = 1;
	classes = {
	};
	objectVersion = 56;
	objects = {

/* Begin PBXBuildFile section */
		A7333969295AF03600DA5055 /* BookmarkManager.swift in Sources */ = {isa = PBXBuildFile; fileRef = A7333968295AF03600DA5055 /* BookmarkManager.swift */; };
		A79EB3D8295598E0006A7A0D /* AppDelegate.swift in Sources */ = {isa = PBXBuildFile; fileRef = A79EB3D7295598E0006A7A0D /* AppDelegate.swift */; };
		A79EB3DA295598E0006A7A0D /* SceneDelegate.swift in Sources */ = {isa = PBXBuildFile; fileRef = A79EB3D9295598E0006A7A0D /* SceneDelegate.swift */; };
		A79EB3DC295598E0006A7A0D /* ViewController.swift in Sources */ = {isa = PBXBuildFile; fileRef = A79EB3DB295598E0006A7A0D /* ViewController.swift */; };
		A79EB3E2295598E0006A7A0D /* MovieStorage.xcdatamodeld in Sources */ = {isa = PBXBuildFile; fileRef = A79EB3E0295598E0006A7A0D /* MovieStorage.xcdatamodeld */; };
		A79EB3E4295598E1006A7A0D /* Assets.xcassets in Resources */ = {isa = PBXBuildFile; fileRef = A79EB3E3295598E1006A7A0D /* Assets.xcassets */; };
		A79EB3E7295598E1006A7A0D /* LaunchScreen.storyboard in Resources */ = {isa = PBXBuildFile; fileRef = A79EB3E5295598E1006A7A0D /* LaunchScreen.storyboard */; };
		A79EB3F82955E0F7006A7A0D /* MainTabBarViewController.swift in Sources */ = {isa = PBXBuildFile; fileRef = A79EB3F72955E0F7006A7A0D /* MainTabBarViewController.swift */; };
		A79EB4022955EAB9006A7A0D /* SearchResultsViewController.swift in Sources */ = {isa = PBXBuildFile; fileRef = A79EB4012955EAB9006A7A0D /* SearchResultsViewController.swift */; };
		A7DE2CC52959ECD8002A31FA /* BookmarkViewController.swift in Sources */ = {isa = PBXBuildFile; fileRef = A7DE2CC42959ECD8002A31FA /* BookmarkViewController.swift */; };
		A7E8EFF52957286600C444A3 /* Movie.swift in Sources */ = {isa = PBXBuildFile; fileRef = A7E8EFF42957286600C444A3 /* Movie.swift */; };
		A7E8EFF72957287D00C444A3 /* APICaller.swift in Sources */ = {isa = PBXBuildFile; fileRef = A7E8EFF62957287D00C444A3 /* APICaller.swift */; };
		A7E8EFFA2957549000C444A3 /* MovieCollectionViewCell.swift in Sources */ = {isa = PBXBuildFile; fileRef = A7E8EFF92957549000C444A3 /* MovieCollectionViewCell.swift */; };
		A7E8EFFF2958150B00C444A3 /* SearchViewController.swift in Sources */ = {isa = PBXBuildFile; fileRef = A7E8EFFE2958150B00C444A3 /* SearchViewController.swift */; };
/* End PBXBuildFile section */

/* Begin PBXFileReference section */
		A7333968295AF03600DA5055 /* BookmarkManager.swift */ = {isa = PBXFileReference; lastKnownFileType = sourcecode.swift; path = BookmarkManager.swift; sourceTree = "<group>"; };
		A79EB3D4295598E0006A7A0D /* MovieStorage.app */ = {isa = PBXFileReference; explicitFileType = wrapper.application; includeInIndex = 0; path = MovieStorage.app; sourceTree = BUILT_PRODUCTS_DIR; };
		A79EB3D7295598E0006A7A0D /* AppDelegate.swift */ = {isa = PBXFileReference; lastKnownFileType = sourcecode.swift; path = AppDelegate.swift; sourceTree = "<group>"; };
		A79EB3D9295598E0006A7A0D /* SceneDelegate.swift */ = {isa = PBXFileReference; lastKnownFileType = sourcecode.swift; path = SceneDelegate.swift; sourceTree = "<group>"; };
		A79EB3DB295598E0006A7A0D /* ViewController.swift */ = {isa = PBXFileReference; lastKnownFileType = sourcecode.swift; path = ViewController.swift; sourceTree = "<group>"; };
		A79EB3E1295598E0006A7A0D /* MovieStorage.xcdatamodel */ = {isa = PBXFileReference; lastKnownFileType = wrapper.xcdatamodel; path = MovieStorage.xcdatamodel; sourceTree = "<group>"; };
		A79EB3E3295598E1006A7A0D /* Assets.xcassets */ = {isa = PBXFileReference; lastKnownFileType = folder.assetcatalog; path = Assets.xcassets; sourceTree = "<group>"; };
		A79EB3E6295598E1006A7A0D /* Base */ = {isa = PBXFileReference; lastKnownFileType = file.storyboard; name = Base; path = Base.lproj/LaunchScreen.storyboard; sourceTree = "<group>"; };
		A79EB3E8295598E1006A7A0D /* Info.plist */ = {isa = PBXFileReference; lastKnownFileType = text.plist.xml; path = Info.plist; sourceTree = "<group>"; };
		A79EB3F72955E0F7006A7A0D /* MainTabBarViewController.swift */ = {isa = PBXFileReference; lastKnownFileType = sourcecode.swift; path = MainTabBarViewController.swift; sourceTree = "<group>"; };
		A79EB4012955EAB9006A7A0D /* SearchResultsViewController.swift */ = {isa = PBXFileReference; lastKnownFileType = sourcecode.swift; path = SearchResultsViewController.swift; sourceTree = "<group>"; };
		A7DE2CC42959ECD8002A31FA /* BookmarkViewController.swift */ = {isa = PBXFileReference; lastKnownFileType = sourcecode.swift; path = BookmarkViewController.swift; sourceTree = "<group>"; };
		A7E8EFF42957286600C444A3 /* Movie.swift */ = {isa = PBXFileReference; lastKnownFileType = sourcecode.swift; path = Movie.swift; sourceTree = "<group>"; };
		A7E8EFF62957287D00C444A3 /* APICaller.swift */ = {isa = PBXFileReference; lastKnownFileType = sourcecode.swift; path = APICaller.swift; sourceTree = "<group>"; };
		A7E8EFF92957549000C444A3 /* MovieCollectionViewCell.swift */ = {isa = PBXFileReference; lastKnownFileType = sourcecode.swift; path = MovieCollectionViewCell.swift; sourceTree = "<group>"; };
		A7E8EFFE2958150B00C444A3 /* SearchViewController.swift */ = {isa = PBXFileReference; lastKnownFileType = sourcecode.swift; path = SearchViewController.swift; sourceTree = "<group>"; };
/* End PBXFileReference section */

/* Begin PBXFrameworksBuildPhase section */
		A79EB3D1295598E0006A7A0D /* Frameworks */ = {
			isa = PBXFrameworksBuildPhase;
			buildActionMask = 2147483647;
			files = (
			);
			runOnlyForDeploymentPostprocessing = 0;
		};
/* End PBXFrameworksBuildPhase section */

/* Begin PBXGroup section */
		A79EB3CB295598E0006A7A0D = {
			isa = PBXGroup;
			children = (
				A79EB3D6295598E0006A7A0D /* MovieStorage */,
				A79EB3D5295598E0006A7A0D /* Products */,
			);
			sourceTree = "<group>";
		};
		A79EB3D5295598E0006A7A0D /* Products */ = {
			isa = PBXGroup;
			children = (
				A79EB3D4295598E0006A7A0D /* MovieStorage.app */,
			);
			name = Products;
			sourceTree = "<group>";
		};
		A79EB3D6295598E0006A7A0D /* MovieStorage */ = {
			isa = PBXGroup;
			children = (
				A79EB3F02955D6CA006A7A0D /* Screen */,
				A79EB3EF2955D6C4006A7A0D /* Network */,
				A79EB3EE2955D6BE006A7A0D /* Global */,
				A79EB3E0295598E0006A7A0D /* MovieStorage.xcdatamodeld */,
			);
			path = MovieStorage;
			sourceTree = "<group>";
		};
		A79EB3EE2955D6BE006A7A0D /* Global */ = {
			isa = PBXGroup;
			children = (
				A79EB3F22955D74D006A7A0D /* Supports */,
				A79EB3F12955D731006A7A0D /* Resource */,
			);
			path = Global;
			sourceTree = "<group>";
		};
		A79EB3EF2955D6C4006A7A0D /* Network */ = {
			isa = PBXGroup;
			children = (
				A7E8EFF32957285A00C444A3 /* Mangager */,
				A7E8EFF22957284B00C444A3 /* Model */,
			);
			path = Network;
			sourceTree = "<group>";
		};
		A79EB3F02955D6CA006A7A0D /* Screen */ = {
			isa = PBXGroup;
			children = (
				A7DE2CC32959ECC4002A31FA /* Bookmark */,
				A79EB3FE2955EA68006A7A0D /* Search */,
				A79EB3DB295598E0006A7A0D /* ViewController.swift */,
				A79EB3F72955E0F7006A7A0D /* MainTabBarViewController.swift */,
			);
			path = Screen;
			sourceTree = "<group>";
		};
		A79EB3F12955D731006A7A0D /* Resource */ = {
			isa = PBXGroup;
			children = (
				A79EB3F32955D7A3006A7A0D /* Storyboard */,
				A79EB3E3295598E1006A7A0D /* Assets.xcassets */,
			);
			path = Resource;
			sourceTree = "<group>";
		};
		A79EB3F22955D74D006A7A0D /* Supports */ = {
			isa = PBXGroup;
			children = (
				A79EB3D9295598E0006A7A0D /* SceneDelegate.swift */,
				A79EB3D7295598E0006A7A0D /* AppDelegate.swift */,
				A79EB3E8295598E1006A7A0D /* Info.plist */,
			);
			path = Supports;
			sourceTree = "<group>";
		};
		A79EB3F32955D7A3006A7A0D /* Storyboard */ = {
			isa = PBXGroup;
			children = (
				A79EB3E5295598E1006A7A0D /* LaunchScreen.storyboard */,
			);
			path = Storyboard;
			sourceTree = "<group>";
		};
		A79EB3FE2955EA68006A7A0D /* Search */ = {
			isa = PBXGroup;
			children = (
				A7E8EFFB295754A000C444A3 /* Controller */,
				A7E8EFF82957543C00C444A3 /* View */,
			);
			path = Search;
			sourceTree = "<group>";
		};
		A7DE2CC32959ECC4002A31FA /* Bookmark */ = {
			isa = PBXGroup;
			children = (
				A7DE2CC62959ECE3002A31FA /* Controller */,
			);
			path = Bookmark;
			sourceTree = "<group>";
		};
		A7DE2CC62959ECE3002A31FA /* Controller */ = {
			isa = PBXGroup;
			children = (
				A7DE2CC42959ECD8002A31FA /* BookmarkViewController.swift */,
			);
			path = Controller;
			sourceTree = "<group>";
		};
		A7E8EFF22957284B00C444A3 /* Model */ = {
			isa = PBXGroup;
			children = (
				A7E8EFF42957286600C444A3 /* Movie.swift */,
			);
			path = Model;
			sourceTree = "<group>";
		};
		A7E8EFF32957285A00C444A3 /* Mangager */ = {
			isa = PBXGroup;
			children = (
				A7E8EFF62957287D00C444A3 /* APICaller.swift */,
				A7333968295AF03600DA5055 /* BookmarkManager.swift */,
			);
			path = Mangager;
			sourceTree = "<group>";
		};
		A7E8EFF82957543C00C444A3 /* View */ = {
			isa = PBXGroup;
			children = (
				A7E8EFF92957549000C444A3 /* MovieCollectionViewCell.swift */,
			);
			path = View;
			sourceTree = "<group>";
		};
		A7E8EFFB295754A000C444A3 /* Controller */ = {
			isa = PBXGroup;
			children = (
				A79EB4012955EAB9006A7A0D /* SearchResultsViewController.swift */,
				A7E8EFFE2958150B00C444A3 /* SearchViewController.swift */,
			);
			path = Controller;
			sourceTree = "<group>";
		};
/* End PBXGroup section */

/* Begin PBXNativeTarget section */
		A79EB3D3295598E0006A7A0D /* MovieStorage */ = {
			isa = PBXNativeTarget;
			buildConfigurationList = A79EB3EB295598E1006A7A0D /* Build configuration list for PBXNativeTarget "MovieStorage" */;
			buildPhases = (
				A79EB3D0295598E0006A7A0D /* Sources */,
				A79EB3D1295598E0006A7A0D /* Frameworks */,
				A79EB3D2295598E0006A7A0D /* Resources */,
			);
			buildRules = (
			);
			dependencies = (
			);
			name = MovieStorage;
			productName = MovieStorage;
			productReference = A79EB3D4295598E0006A7A0D /* MovieStorage.app */;
			productType = "com.apple.product-type.application";
		};
/* End PBXNativeTarget section */

/* Begin PBXProject section */
		A79EB3CC295598E0006A7A0D /* Project object */ = {
			isa = PBXProject;
			attributes = {
				BuildIndependentTargetsInParallel = 1;
				LastSwiftUpdateCheck = 1410;
				LastUpgradeCheck = 1410;
				TargetAttributes = {
					A79EB3D3295598E0006A7A0D = {
						CreatedOnToolsVersion = 14.1;
					};
				};
			};
			buildConfigurationList = A79EB3CF295598E0006A7A0D /* Build configuration list for PBXProject "MovieStorage" */;
			compatibilityVersion = "Xcode 14.0";
			developmentRegion = en;
			hasScannedForEncodings = 0;
			knownRegions = (
				en,
				Base,
			);
			mainGroup = A79EB3CB295598E0006A7A0D;
			productRefGroup = A79EB3D5295598E0006A7A0D /* Products */;
			projectDirPath = "";
			projectRoot = "";
			targets = (
				A79EB3D3295598E0006A7A0D /* MovieStorage */,
			);
		};
/* End PBXProject section */

/* Begin PBXResourcesBuildPhase section */
		A79EB3D2295598E0006A7A0D /* Resources */ = {
			isa = PBXResourcesBuildPhase;
			buildActionMask = 2147483647;
			files = (
				A79EB3E7295598E1006A7A0D /* LaunchScreen.storyboard in Resources */,
				A79EB3E4295598E1006A7A0D /* Assets.xcassets in Resources */,
			);
			runOnlyForDeploymentPostprocessing = 0;
		};
/* End PBXResourcesBuildPhase section */

/* Begin PBXSourcesBuildPhase section */
		A79EB3D0295598E0006A7A0D /* Sources */ = {
			isa = PBXSourcesBuildPhase;
			buildActionMask = 2147483647;
			files = (
				A7DE2CC52959ECD8002A31FA /* BookmarkViewController.swift in Sources */,
				A7E8EFFF2958150B00C444A3 /* SearchViewController.swift in Sources */,
				A79EB3F82955E0F7006A7A0D /* MainTabBarViewController.swift in Sources */,
				A79EB3DC295598E0006A7A0D /* ViewController.swift in Sources */,
				A79EB3D8295598E0006A7A0D /* AppDelegate.swift in Sources */,
				A7333969295AF03600DA5055 /* BookmarkManager.swift in Sources */,
				A7E8EFF72957287D00C444A3 /* APICaller.swift in Sources */,
				A79EB3E2295598E0006A7A0D /* MovieStorage.xcdatamodeld in Sources */,
				A79EB4022955EAB9006A7A0D /* SearchResultsViewController.swift in Sources */,
				A7E8EFFA2957549000C444A3 /* MovieCollectionViewCell.swift in Sources */,
				A7E8EFF52957286600C444A3 /* Movie.swift in Sources */,
				A79EB3DA295598E0006A7A0D /* SceneDelegate.swift in Sources */,
			);
			runOnlyForDeploymentPostprocessing = 0;
		};
/* End PBXSourcesBuildPhase section */

/* Begin PBXVariantGroup section */
		A79EB3E5295598E1006A7A0D /* LaunchScreen.storyboard */ = {
			isa = PBXVariantGroup;
			children = (
				A79EB3E6295598E1006A7A0D /* Base */,
			);
			name = LaunchScreen.storyboard;
			sourceTree = "<group>";
		};
/* End PBXVariantGroup section */

/* Begin XCBuildConfiguration section */
		A79EB3E9295598E1006A7A0D /* Debug */ = {
			isa = XCBuildConfiguration;
			buildSettings = {
				ALWAYS_SEARCH_USER_PATHS = NO;
				CLANG_ANALYZER_NONNULL = YES;
				CLANG_ANALYZER_NUMBER_OBJECT_CONVERSION = YES_AGGRESSIVE;
				CLANG_CXX_LANGUAGE_STANDARD = "gnu++20";
				CLANG_ENABLE_MODULES = YES;
				CLANG_ENABLE_OBJC_ARC = YES;
				CLANG_ENABLE_OBJC_WEAK = YES;
				CLANG_WARN_BLOCK_CAPTURE_AUTORELEASING = YES;
				CLANG_WARN_BOOL_CONVERSION = YES;
				CLANG_WARN_COMMA = YES;
				CLANG_WARN_CONSTANT_CONVERSION = YES;
				CLANG_WARN_DEPRECATED_OBJC_IMPLEMENTATIONS = YES;
				CLANG_WARN_DIRECT_OBJC_ISA_USAGE = YES_ERROR;
				CLANG_WARN_DOCUMENTATION_COMMENTS = YES;
				CLANG_WARN_EMPTY_BODY = YES;
				CLANG_WARN_ENUM_CONVERSION = YES;
				CLANG_WARN_INFINITE_RECURSION = YES;
				CLANG_WARN_INT_CONVERSION = YES;
				CLANG_WARN_NON_LITERAL_NULL_CONVERSION = YES;
				CLANG_WARN_OBJC_IMPLICIT_RETAIN_SELF = YES;
				CLANG_WARN_OBJC_LITERAL_CONVERSION = YES;
				CLANG_WARN_OBJC_ROOT_CLASS = YES_ERROR;
				CLANG_WARN_QUOTED_INCLUDE_IN_FRAMEWORK_HEADER = YES;
				CLANG_WARN_RANGE_LOOP_ANALYSIS = YES;
				CLANG_WARN_STRICT_PROTOTYPES = YES;
				CLANG_WARN_SUSPICIOUS_MOVE = YES;
				CLANG_WARN_UNGUARDED_AVAILABILITY = YES_AGGRESSIVE;
				CLANG_WARN_UNREACHABLE_CODE = YES;
				CLANG_WARN__DUPLICATE_METHOD_MATCH = YES;
				COPY_PHASE_STRIP = NO;
				DEBUG_INFORMATION_FORMAT = dwarf;
				ENABLE_STRICT_OBJC_MSGSEND = YES;
				ENABLE_TESTABILITY = YES;
				GCC_C_LANGUAGE_STANDARD = gnu11;
				GCC_DYNAMIC_NO_PIC = NO;
				GCC_NO_COMMON_BLOCKS = YES;
				GCC_OPTIMIZATION_LEVEL = 0;
				GCC_PREPROCESSOR_DEFINITIONS = (
					"DEBUG=1",
					"$(inherited)",
				);
				GCC_WARN_64_TO_32_BIT_CONVERSION = YES;
				GCC_WARN_ABOUT_RETURN_TYPE = YES_ERROR;
				GCC_WARN_UNDECLARED_SELECTOR = YES;
				GCC_WARN_UNINITIALIZED_AUTOS = YES_AGGRESSIVE;
				GCC_WARN_UNUSED_FUNCTION = YES;
				GCC_WARN_UNUSED_VARIABLE = YES;
				IPHONEOS_DEPLOYMENT_TARGET = 16.1;
				MTL_ENABLE_DEBUG_INFO = INCLUDE_SOURCE;
				MTL_FAST_MATH = YES;
				ONLY_ACTIVE_ARCH = YES;
				SDKROOT = iphoneos;
				SWIFT_ACTIVE_COMPILATION_CONDITIONS = DEBUG;
				SWIFT_OPTIMIZATION_LEVEL = "-Onone";
			};
			name = Debug;
		};
		A79EB3EA295598E1006A7A0D /* Release */ = {
			isa = XCBuildConfiguration;
			buildSettings = {
				ALWAYS_SEARCH_USER_PATHS = NO;
				CLANG_ANALYZER_NONNULL = YES;
				CLANG_ANALYZER_NUMBER_OBJECT_CONVERSION = YES_AGGRESSIVE;
				CLANG_CXX_LANGUAGE_STANDARD = "gnu++20";
				CLANG_ENABLE_MODULES = YES;
				CLANG_ENABLE_OBJC_ARC = YES;
				CLANG_ENABLE_OBJC_WEAK = YES;
				CLANG_WARN_BLOCK_CAPTURE_AUTORELEASING = YES;
				CLANG_WARN_BOOL_CONVERSION = YES;
				CLANG_WARN_COMMA = YES;
				CLANG_WARN_CONSTANT_CONVERSION = YES;
				CLANG_WARN_DEPRECATED_OBJC_IMPLEMENTATIONS = YES;
				CLANG_WARN_DIRECT_OBJC_ISA_USAGE = YES_ERROR;
				CLANG_WARN_DOCUMENTATION_COMMENTS = YES;
				CLANG_WARN_EMPTY_BODY = YES;
				CLANG_WARN_ENUM_CONVERSION = YES;
				CLANG_WARN_INFINITE_RECURSION = YES;
				CLANG_WARN_INT_CONVERSION = YES;
				CLANG_WARN_NON_LITERAL_NULL_CONVERSION = YES;
				CLANG_WARN_OBJC_IMPLICIT_RETAIN_SELF = YES;
				CLANG_WARN_OBJC_LITERAL_CONVERSION = YES;
				CLANG_WARN_OBJC_ROOT_CLASS = YES_ERROR;
				CLANG_WARN_QUOTED_INCLUDE_IN_FRAMEWORK_HEADER = YES;
				CLANG_WARN_RANGE_LOOP_ANALYSIS = YES;
				CLANG_WARN_STRICT_PROTOTYPES = YES;
				CLANG_WARN_SUSPICIOUS_MOVE = YES;
				CLANG_WARN_UNGUARDED_AVAILABILITY = YES_AGGRESSIVE;
				CLANG_WARN_UNREACHABLE_CODE = YES;
				CLANG_WARN__DUPLICATE_METHOD_MATCH = YES;
				COPY_PHASE_STRIP = NO;
				DEBUG_INFORMATION_FORMAT = "dwarf-with-dsym";
				ENABLE_NS_ASSERTIONS = NO;
				ENABLE_STRICT_OBJC_MSGSEND = YES;
				GCC_C_LANGUAGE_STANDARD = gnu11;
				GCC_NO_COMMON_BLOCKS = YES;
				GCC_WARN_64_TO_32_BIT_CONVERSION = YES;
				GCC_WARN_ABOUT_RETURN_TYPE = YES_ERROR;
				GCC_WARN_UNDECLARED_SELECTOR = YES;
				GCC_WARN_UNINITIALIZED_AUTOS = YES_AGGRESSIVE;
				GCC_WARN_UNUSED_FUNCTION = YES;
				GCC_WARN_UNUSED_VARIABLE = YES;
				IPHONEOS_DEPLOYMENT_TARGET = 16.1;
				MTL_ENABLE_DEBUG_INFO = NO;
				MTL_FAST_MATH = YES;
				SDKROOT = iphoneos;
				SWIFT_COMPILATION_MODE = wholemodule;
				SWIFT_OPTIMIZATION_LEVEL = "-O";
				VALIDATE_PRODUCT = YES;
			};
			name = Release;
		};
		A79EB3EC295598E1006A7A0D /* Debug */ = {
			isa = XCBuildConfiguration;
			buildSettings = {
				ASSETCATALOG_COMPILER_APPICON_NAME = AppIcon;
				ASSETCATALOG_COMPILER_GLOBAL_ACCENT_COLOR_NAME = AccentColor;
				CODE_SIGN_STYLE = Automatic;
				CURRENT_PROJECT_VERSION = 1;
				DEVELOPMENT_TEAM = S45U2Z8NHP;
				GENERATE_INFOPLIST_FILE = YES;
				INFOPLIST_FILE = MovieStorage/Global/Supports/Info.plist;
				INFOPLIST_KEY_UIApplicationSupportsIndirectInputEvents = YES;
				INFOPLIST_KEY_UILaunchStoryboardName = LaunchScreen;
				INFOPLIST_KEY_UISupportedInterfaceOrientations_iPad = "UIInterfaceOrientationPortrait UIInterfaceOrientationPortraitUpsideDown UIInterfaceOrientationLandscapeLeft UIInterfaceOrientationLandscapeRight";
				INFOPLIST_KEY_UISupportedInterfaceOrientations_iPhone = "UIInterfaceOrientationPortrait UIInterfaceOrientationLandscapeLeft UIInterfaceOrientationLandscapeRight";
				IPHONEOS_DEPLOYMENT_TARGET = 12.0;
				LD_RUNPATH_SEARCH_PATHS = (
					"$(inherited)",
					"@executable_path/Frameworks",
				);
				MARKETING_VERSION = 1.0;
				PRODUCT_BUNDLE_IDENTIFIER = com.wonhui.MovieStorage;
				PRODUCT_NAME = "$(TARGET_NAME)";
				SWIFT_EMIT_LOC_STRINGS = YES;
				SWIFT_VERSION = 5.0;
				TARGETED_DEVICE_FAMILY = "1,2";
			};
			name = Debug;
		};
		A79EB3ED295598E1006A7A0D /* Release */ = {
			isa = XCBuildConfiguration;
			buildSettings = {
				ASSETCATALOG_COMPILER_APPICON_NAME = AppIcon;
				ASSETCATALOG_COMPILER_GLOBAL_ACCENT_COLOR_NAME = AccentColor;
				CODE_SIGN_STYLE = Automatic;
				CURRENT_PROJECT_VERSION = 1;
				DEVELOPMENT_TEAM = S45U2Z8NHP;
				GENERATE_INFOPLIST_FILE = YES;
				INFOPLIST_FILE = MovieStorage/Global/Supports/Info.plist;
				INFOPLIST_KEY_UIApplicationSupportsIndirectInputEvents = YES;
				INFOPLIST_KEY_UILaunchStoryboardName = LaunchScreen;
				INFOPLIST_KEY_UISupportedInterfaceOrientations_iPad = "UIInterfaceOrientationPortrait UIInterfaceOrientationPortraitUpsideDown UIInterfaceOrientationLandscapeLeft UIInterfaceOrientationLandscapeRight";
				INFOPLIST_KEY_UISupportedInterfaceOrientations_iPhone = "UIInterfaceOrientationPortrait UIInterfaceOrientationLandscapeLeft UIInterfaceOrientationLandscapeRight";
				IPHONEOS_DEPLOYMENT_TARGET = 12.0;
				LD_RUNPATH_SEARCH_PATHS = (
					"$(inherited)",
					"@executable_path/Frameworks",
				);
				MARKETING_VERSION = 1.0;
				PRODUCT_BUNDLE_IDENTIFIER = com.wonhui.MovieStorage;
				PRODUCT_NAME = "$(TARGET_NAME)";
				SWIFT_EMIT_LOC_STRINGS = YES;
				SWIFT_VERSION = 5.0;
				TARGETED_DEVICE_FAMILY = "1,2";
			};
			name = Release;
		};
/* End XCBuildConfiguration section */

/* Begin XCConfigurationList section */
		A79EB3CF295598E0006A7A0D /* Build configuration list for PBXProject "MovieStorage" */ = {
			isa = XCConfigurationList;
			buildConfigurations = (
				A79EB3E9295598E1006A7A0D /* Debug */,
				A79EB3EA295598E1006A7A0D /* Release */,
			);
			defaultConfigurationIsVisible = 0;
			defaultConfigurationName = Release;
		};
		A79EB3EB295598E1006A7A0D /* Build configuration list for PBXNativeTarget "MovieStorage" */ = {
			isa = XCConfigurationList;
			buildConfigurations = (
				A79EB3EC295598E1006A7A0D /* Debug */,
				A79EB3ED295598E1006A7A0D /* Release */,
			);
			defaultConfigurationIsVisible = 0;
			defaultConfigurationName = Release;
		};
/* End XCConfigurationList section */

/* Begin XCVersionGroup section */
		A79EB3E0295598E0006A7A0D /* MovieStorage.xcdatamodeld */ = {
			isa = XCVersionGroup;
			children = (
				A79EB3E1295598E0006A7A0D /* MovieStorage.xcdatamodel */,
			);
			currentVersion = A79EB3E1295598E0006A7A0D /* MovieStorage.xcdatamodel */;
			path = MovieStorage.xcdatamodeld;
			sourceTree = "<group>";
			versionGroupType = wrapper.xcdatamodel;
		};
/* End XCVersionGroup section */
	};
	rootObject = A79EB3CC295598E0006A7A0D /* Project object */;
}
